
Microsoft Visual Studio Solution File, Format Version 12.00
# Visual Studio Version 16
VisualStudioVersion = 16.0.29215.179
MinimumVisualStudioVersion = 10.0.40219.1
Project("{FAE04EC0-301F-11D3-BF4B-00C04F79EFBC}") = "UI.WebApi", "UI.WebApi\UI.WebApi.csproj", "{0D0BB033-CC19-4A82-8D05-34071D9CCB61}"
EndProject
Global
	GlobalSection(SolutionConfigurationPlatforms) = preSolution
		Debug|Any CPU = Debug|Any CPU
		Release|Any CPU = Release|Any CPU
	EndGlobalSection
	GlobalSection(ProjectConfigurationPlatforms) = postSolution
		{0D0BB033-CC19-4A82-8D05-34071D9CCB61}.Debug|Any CPU.ActiveCfg = Debug|Any CPU
		{0D0BB033-CC19-4A82-8D05-34071D9CCB61}.Debug|Any CPU.Build.0 = Debug|Any CPU
		{0D0BB033-CC19-4A82-8D05-34071D9CCB61}.Release|Any CPU.ActiveCfg = Release|Any CPU
		{0D0BB033-CC19-4A82-8D05-34071D9CCB61}.Release|Any CPU.Build.0 = Release|Any CPU
	EndGlobalSection
	GlobalSection(SolutionProperties) = preSolution
		HideSolutionNode = FALSE
	EndGlobalSection
	GlobalSection(ExtensibilityGlobals) = postSolution
		SolutionGuid = {EAF51EC7-2AC8-4B15-8D20-834BCD0C8880}
	EndGlobalSection
EndGlobal
